{
  "requires": true,
  "lockfileVersion": 1,
  "dependencies": {
    "@types/cheerio": {
      "version": "0.22.23",
      "resolved": "https://registry.npmjs.org/@types/cheerio/-/cheerio-0.22.23.tgz",
      "integrity": "sha512-QfHLujVMlGqcS/ePSf3Oe5hK3H8wi/yN2JYuxSB1U10VvW1fO3K8C+mURQesFYS1Hn7lspOsTT75SKq/XtydQg==",
      "requires": {
        "@types/node": "*"
      }
    },
    "@types/node": {
      "version": "14.14.17",
      "resolved": "https://registry.npmjs.org/@types/node/-/node-14.14.17.tgz",
      "integrity": "sha512-G0lD1/7qD60TJ/mZmhog76k7NcpLWkPVGgzkRy3CTlnFu4LUQh5v2Wa661z6vnXmD8EQrnALUyf0VRtrACYztw=="
    },
    "enzyme-to-json": {
      "version": "3.6.1",
      "resolved": "https://registry.npmjs.org/enzyme-to-json/-/enzyme-to-json-3.6.1.tgz",
      "integrity": "sha512-15tXuONeq5ORoZjV/bUo2gbtZrN2IH+Z6DvL35QmZyKHgbY1ahn6wcnLd9Xv9OjiwbAXiiP8MRZwbZrCv1wYNg==",
      "requires": {
        "@types/cheerio": "^0.22.22",
        "lodash": "^4.17.15",
        "react-is": "^16.12.0"
      }
    },
    "lodash": {
      "version": "4.17.20",
      "resolved": "https://registry.npmjs.org/lodash/-/lodash-4.17.20.tgz",
      "integrity": "sha512-PlhdFcillOINfeV7Ni6oF1TAEayyZBoZ8bcshTHqOYJYlrqzRK5hagpagky5o4HfCzzd1TRkXPMFq6cKk9rGmA=="
    },
    "react-is": {
      "version": "16.13.1",
      "resolved": "https://registry.npmjs.org/react-is/-/react-is-16.13.1.tgz",
      "integrity": "sha512-24e6ynE2H+OKt4kqsOvNd8kBpV65zoxbA4BVsEOB3ARVWQki/DHzaUoC5KuON/BiccDaCCTZBuOcfZs70kR8bQ=="
    }
  }
}
